
Microsoft Visual Studio Solution File, Format Version 12.00
# Visual Studio Version 17
VisualStudioVersion = 17.0.31903.59
MinimumVisualStudioVersion = 10.0.40219.1
Project("{FAE04EC0-301F-11D3-BF4B-00C04F79EFBC}") = "DeskBox", "src\DeskBox\DeskBox.csproj", "{A1B2C3D4-E5F6-7890-ABCD-EF1234567890}"
	ProjectSection(ProjectDependencies) = postProject
		{5F11E064-D145-414C-9F7D-7F86F206B170} = {5F11E064-D145-414C-9F7D-7F86F206B170}
	EndProjectSection
EndProject
Project("{FAE04EC0-301F-11D3-BF4B-00C04F79EFBC}") = "DeskBox.Updater", "src\DeskBox.Updater\DeskBox.Updater.csproj", "{5F11E064-D145-414C-9F7D-7F86F206B170}"
EndProject
Project("{FAE04EC0-301F-11D3-BF4B-00C04F79EFBC}") = "DeskBox.Mcp", "src\DeskBox.Mcp\DeskBox.Mcp.csproj", "{D6B2D4A7-3B2D-4F15-9E63-5B87B3E6A101}"
EndProject
Project("{2150E333-8FDC-42A3-9474-1A3956D46DE8}") = "tests", "tests", "{9B4FA3FD-08FD-4A97-8340-0416A90A4C3C}"
EndProject
Project("{FAE04EC0-301F-11D3-BF4B-00C04F79EFBC}") = "DeskBox.Tests", "tests\DeskBox.Tests\DeskBox.Tests.csproj", "{C55DB014-39AB-442B-BF03-CE3E1BFE1ADE}"
EndProject
Global
	GlobalSection(SolutionConfigurationPlatforms) = preSolution
		Debug|x64 = Debug|x64
		Debug|ARM64 = Debug|ARM64
		Release|x64 = Release|x64
		Release|ARM64 = Release|ARM64
	EndGlobalSection
	GlobalSection(ProjectConfigurationPlatforms) = postSolution
		{A1B2C3D4-E5F6-7890-ABCD-EF1234567890}.Debug|x64.ActiveCfg = Debug|x64
		{A1B2C3D4-E5F6-7890-ABCD-EF1234567890}.Debug|x64.Build.0 = Debug|x64
		{A1B2C3D4-E5F6-7890-ABCD-EF1234567890}.Debug|ARM64.ActiveCfg = Debug|ARM64
		{A1B2C3D4-E5F6-7890-ABCD-EF1234567890}.Debug|ARM64.Build.0 = Debug|ARM64
		{A1B2C3D4-E5F6-7890-ABCD-EF1234567890}.Release|x64.ActiveCfg = Release|x64
		{A1B2C3D4-E5F6-7890-ABCD-EF1234567890}.Release|x64.Build.0 = Release|x64
		{A1B2C3D4-E5F6-7890-ABCD-EF1234567890}.Release|ARM64.ActiveCfg = Release|ARM64
		{A1B2C3D4-E5F6-7890-ABCD-EF1234567890}.Release|ARM64.Build.0 = Release|ARM64
		{5F11E064-D145-414C-9F7D-7F86F206B170}.Debug|x64.ActiveCfg = Debug|x64
		{5F11E064-D145-414C-9F7D-7F86F206B170}.Debug|x64.Build.0 = Debug|x64
		{5F11E064-D145-414C-9F7D-7F86F206B170}.Debug|ARM64.ActiveCfg = Debug|ARM64
		{5F11E064-D145-414C-9F7D-7F86F206B170}.Debug|ARM64.Build.0 = Debug|ARM64
		{5F11E064-D145-414C-9F7D-7F86F206B170}.Release|x64.ActiveCfg = Release|x64
		{5F11E064-D145-414C-9F7D-7F86F206B170}.Release|x64.Build.0 = Release|x64
		{5F11E064-D145-414C-9F7D-7F86F206B170}.Release|ARM64.ActiveCfg = Release|ARM64
		{5F11E064-D145-414C-9F7D-7F86F206B170}.Release|ARM64.Build.0 = Release|ARM64
		{D6B2D4A7-3B2D-4F15-9E63-5B87B3E6A101}.Debug|x64.ActiveCfg = Debug|Any CPU
		{D6B2D4A7-3B2D-4F15-9E63-5B87B3E6A101}.Debug|x64.Build.0 = Debug|Any CPU
		{D6B2D4A7-3B2D-4F15-9E63-5B87B3E6A101}.Debug|ARM64.ActiveCfg = Debug|Any CPU
		{D6B2D4A7-3B2D-4F15-9E63-5B87B3E6A101}.Debug|ARM64.Build.0 = Debug|Any CPU
		{D6B2D4A7-3B2D-4F15-9E63-5B87B3E6A101}.Release|x64.ActiveCfg = Release|Any CPU
		{D6B2D4A7-3B2D-4F15-9E63-5B87B3E6A101}.Release|x64.Build.0 = Release|Any CPU
		{D6B2D4A7-3B2D-4F15-9E63-5B87B3E6A101}.Release|ARM64.ActiveCfg = Release|Any CPU
		{D6B2D4A7-3B2D-4F15-9E63-5B87B3E6A101}.Release|ARM64.Build.0 = Release|Any CPU
		{C55DB014-39AB-442B-BF03-CE3E1BFE1ADE}.Debug|x64.ActiveCfg = Debug|Any CPU
		{C55DB014-39AB-442B-BF03-CE3E1BFE1ADE}.Debug|x64.Build.0 = Debug|Any CPU
		{C55DB014-39AB-442B-BF03-CE3E1BFE1ADE}.Debug|ARM64.ActiveCfg = Debug|Any CPU
		{C55DB014-39AB-442B-BF03-CE3E1BFE1ADE}.Debug|ARM64.Build.0 = Debug|Any CPU
		{C55DB014-39AB-442B-BF03-CE3E1BFE1ADE}.Release|x64.ActiveCfg = Release|Any CPU
		{C55DB014-39AB-442B-BF03-CE3E1BFE1ADE}.Release|x64.Build.0 = Release|Any CPU
		{C55DB014-39AB-442B-BF03-CE3E1BFE1ADE}.Release|ARM64.ActiveCfg = Release|Any CPU
		{C55DB014-39AB-442B-BF03-CE3E1BFE1ADE}.Release|ARM64.Build.0 = Release|Any CPU
	EndGlobalSection
	GlobalSection(NestedProjects) = preSolution
		{C55DB014-39AB-442B-BF03-CE3E1BFE1ADE} = {9B4FA3FD-08FD-4A97-8340-0416A90A4C3C}
	EndGlobalSection
EndGlobal
